
Microsoft Visual Studio Solution File, Format Version 12.00
# Visual Studio 14
VisualStudioVersion = 14.0.24720.0
MinimumVisualStudioVersion = 10.0.40219.1
Project("{FAE04EC0-301F-11D3-BF4B-00C04F79EFBC}") = "AlbumTracker.DataAccess", "AlbumTracker.DataAccess\AlbumTracker.DataAccess.csproj", "{9DC04097-0D69-4B19-BD0F-41CC816FEAD9}"
EndProject
Project("{FAE04EC0-301F-11D3-BF4B-00C04F79EFBC}") = "AlbumTracker.DomainModel", "AlbumTracker.DomainModel\AlbumTracker.DomainModel.csproj", "{47CA2C1B-D364-4864-894B-84ABB5803196}"
EndProject
Project("{FAE04EC0-301F-11D3-BF4B-00C04F79EFBC}") = "ConsoleTest", "ConsoleTest\ConsoleTest.csproj", "{170C793E-EC1D-4A89-A6EA-1AEE6391647A}"
EndProject
Global
	GlobalSection(SolutionConfigurationPlatforms) = preSolution
		Debug|Any CPU = Debug|Any CPU
		Release|Any CPU = Release|Any CPU
	EndGlobalSection
	GlobalSection(ProjectConfigurationPlatforms) = postSolution
		{9DC04097-0D69-4B19-BD0F-41CC816FEAD9}.Debug|Any CPU.ActiveCfg = Debug|Any CPU
		{9DC04097-0D69-4B19-BD0F-41CC816FEAD9}.Debug|Any CPU.Build.0 = Debug|Any CPU
		{9DC04097-0D69-4B19-BD0F-41CC816FEAD9}.Release|Any CPU.ActiveCfg = Release|Any CPU
		{9DC04097-0D69-4B19-BD0F-41CC816FEAD9}.Release|Any CPU.Build.0 = Release|Any CPU
		{47CA2C1B-D364-4864-894B-84ABB5803196}.Debug|Any CPU.ActiveCfg = Debug|Any CPU
		{47CA2C1B-D364-4864-894B-84ABB5803196}.Debug|Any CPU.Build.0 = Debug|Any CPU
		{47CA2C1B-D364-4864-894B-84ABB5803196}.Release|Any CPU.ActiveCfg = Release|Any CPU
		{47CA2C1B-D364-4864-894B-84ABB5803196}.Release|Any CPU.Build.0 = Release|Any CPU
		{170C793E-EC1D-4A89-A6EA-1AEE6391647A}.Debug|Any CPU.ActiveCfg = Debug|Any CPU
		{170C793E-EC1D-4A89-A6EA-1AEE6391647A}.Debug|Any CPU.Build.0 = Debug|Any CPU
		{170C793E-EC1D-4A89-A6EA-1AEE6391647A}.Release|Any CPU.ActiveCfg = Release|Any CPU
		{170C793E-EC1D-4A89-A6EA-1AEE6391647A}.Release|Any CPU.Build.0 = Release|Any CPU
	EndGlobalSection
	GlobalSection(SolutionProperties) = preSolution
		HideSolutionNode = FALSE
	EndGlobalSection
EndGlobal
